PODS:
  - Bond (4.3.0)
  - Reveal-iOS-SDK (1.6.2)

DEPENDENCIES:
  - Bond
  - Reveal-iOS-SDK (= 1.6.2)

SPEC CHECKSUMS:
  Bond: ebe2364b18130690083cbceff036420b21494ae4
  Reveal-iOS-SDK: e2250b3c155bcfac53ae223ddc1f76d08f206c33

PODFILE CHECKSUM: 742956ca7d83ebcb3e0504b40e997b503f66583f

COCOAPODS: 1.0.0.beta.1
